github.com/axivo/website/global v1.0.3 h1:Nk+xFqMyi0mpyVUNYLCy5ALYJniL0i9gUHgc7MazfBU=
github.com/axivo/website/global v1.0.3/go.mod h1:CDxLwZCshxNnTwXh3DR6IncIU2kkvveTSo3AdKTs4cA=
github.com/axivo/website/global v1.0.4/go.mod h1:a/BSXKI9qEZ7PwHQJNyNZjqnT6iKwHD+YJg5UzwlVA8=
github.com/imfing/hextra v0.11.1 h1:8pTc4ReYbzGTHAnyiebmlT3ijFfIXiGu1r7tM/UGjFI=
github.com/imfing/hextra v0.11.1/go.mod h1:cEfel3lU/bSx7lTE/+uuR4GJaphyOyiwNR3PTqFTXpI=
