github.com/axivo/website/global v1.0.3 h1:Nk+xFqMyi0mpyVUNYLCy5ALYJniL0i9gUHgc7MazfBU=
github.com/axivo/website/global v1.0.3/go.mod h1:CDxLwZCshxNnTwXh3DR6IncIU2kkvveTSo3AdKTs4cA=
github.com/imfing/hextra v0.9.7 h1:Zg5n24us36Bn/S/5mEUPkRW6uwE6vHHEqWSgN0bPXaM=
github.com/imfing/hextra v0.9.7/go.mod h1:cEfel3lU/bSx7lTE/+uuR4GJaphyOyiwNR3PTqFTXpI=
