github.com/axivo/website/global v1.1.0 h1:D5f8o2KrQviLglBWmUf65qmactNrars9nTp8YFqrt6A=
github.com/axivo/website/global v1.1.0/go.mod h1:a/BSXKI9qEZ7PwHQJNyNZjqnT6iKwHD+YJg5UzwlVA8=
github.com/imfing/hextra v0.11.1 h1:8pTc4ReYbzGTHAnyiebmlT3ijFfIXiGu1r7tM/UGjFI=
github.com/imfing/hextra v0.11.1/go.mod h1:cEfel3lU/bSx7lTE/+uuR4GJaphyOyiwNR3PTqFTXpI=
