github.com/axivo/website/global v1.0.3 h1:Nk+xFqMyi0mpyVUNYLCy5ALYJniL0i9gUHgc7MazfBU=
github.com/axivo/website/global v1.0.3/go.mod h1:CDxLwZCshxNnTwXh3DR6IncIU2kkvveTSo3AdKTs4cA=
github.com/imfing/hextra v0.10.2 h1:etVtBSHH3V4xYZ2uqlh7HWZitdaZLWG+sCoGtFqyAEk=
github.com/imfing/hextra v0.10.2/go.mod h1:cEfel3lU/bSx7lTE/+uuR4GJaphyOyiwNR3PTqFTXpI=
