github.com/axivo/website/global v1.0.1 h1:dcqAzt/XQdgJ7OMGMvkwiwMc5CpSQ5iuYNN632rm1bQ=
github.com/axivo/website/global v1.0.1/go.mod h1:QQk2/AIFUOQIGv0YQivBp1qa9aQeAjHHljwIJCGc1fk=
github.com/imfing/hextra v0.7.4-0.20240526173855-857c4e4ca182 h1:IrtRwafIVcW0+mdtcdTOcO1hskYqCFrkJwl0tHXNyyU=
github.com/imfing/hextra v0.7.4-0.20240526173855-857c4e4ca182/go.mod h1:cEfel3lU/bSx7lTE/+uuR4GJaphyOyiwNR3PTqFTXpI=
