github.com/axivo/website/global v1.1.3 h1:OBuU51WioUUxIa26bxfTdgtcrloOWI74dodCXss0W2U=
github.com/axivo/website/global v1.1.3/go.mod h1:UX3Fv9chL0rTE3YtynvGmJYFb65vE7+3uPtQidzsW3U=
github.com/imfing/hextra v0.12.1 h1:3t1n0bmJbDzSTVfht93UDcfF1BXMRjeFojA071ri2l8=
github.com/imfing/hextra v0.12.1/go.mod h1:vi+yhpq8YPp/aghvJlNKVnJKcPJ/VyAEcfC1BSV9ARo=
