github.com/axivo/website/global v1.1.3 h1:OBuU51WioUUxIa26bxfTdgtcrloOWI74dodCXss0W2U=
github.com/axivo/website/global v1.1.3/go.mod h1:UX3Fv9chL0rTE3YtynvGmJYFb65vE7+3uPtQidzsW3U=
github.com/imfing/hextra v0.12.0 h1:f6y35hW/WDJEcx9S0dOmbICOBxYE0PmP6IJFsTUgVyY=
github.com/imfing/hextra v0.12.0/go.mod h1:YAv8XRNSmcqjieFwI7fVQK1AoY2Do+45DO9HGqxSGu4=
